
Microsoft Visual Studio Solution File, Format Version 12.00
# Visual Studio 15
VisualStudioVersion = 15.0.28307.1433
MinimumVisualStudioVersion = 10.0.40219.1
Project("{FAE04EC0-301F-11D3-BF4B-00C04F79EFBC}") = "StartupManager", "StartupManager\StartupManager.csproj", "{60448C6C-DC5C-4761-9E16-A357655AA73F}"
EndProject
Global
	GlobalSection(SolutionConfigurationPlatforms) = preSolution
		Debug|Any CPU = Debug|Any CPU
		Release|Any CPU = Release|Any CPU
	EndGlobalSection
	GlobalSection(ProjectConfigurationPlatforms) = postSolution
		{60448C6C-DC5C-4761-9E16-A357655AA73F}.Debug|Any CPU.ActiveCfg = Debug|Any CPU
		{60448C6C-DC5C-4761-9E16-A357655AA73F}.Debug|Any CPU.Build.0 = Debug|Any CPU
		{60448C6C-DC5C-4761-9E16-A357655AA73F}.Release|Any CPU.ActiveCfg = Release|Any CPU
		{60448C6C-DC5C-4761-9E16-A357655AA73F}.Release|Any CPU.Build.0 = Release|Any CPU
	EndGlobalSection
	GlobalSection(SolutionProperties) = preSolution
		HideSolutionNode = FALSE
	EndGlobalSection
	GlobalSection(ExtensibilityGlobals) = postSolution
		SolutionGuid = {9409617D-F096-4CD3-A362-C23C5E48FDF2}
	EndGlobalSection
EndGlobal
